{
  "name": "profile",
  "version": "1.0.0",
  "lockfileVersion": 2,
  "requires": true,
  "packages": {
    "": {
      "name": "profile",
      "version": "1.0.0",
      "license": "ISC",
      "dependencies": {
        "add-font": "^1.0.2",
        "bootstrap": "^5.3.0-alpha2",
        "font-awesome": "^4.7.0",
        "fontawesome": "^5.6.3"
      }
    },
    "node_modules/@popperjs/core": {
      "version": "2.11.7",
      "resolved": "https://registry.npmjs.org/@popperjs/core/-/core-2.11.7.tgz",
      "integrity": "sha512-Cr4OjIkipTtcXKjAsm8agyleBuDHvxzeBoa1v543lbv1YaIwQjESsVcmjiWiPEbC1FIeHOG/Op9kdCmAmiS3Kw==",
      "peer": true,
      "funding": {
        "type": "opencollective",
        "url": "https://opencollective.com/popperjs"
      }
    },
    "node_modules/add-font": {
      "version": "1.0.2",
      "resolved": "https://registry.npmjs.org/add-font/-/add-font-1.0.2.tgz",
      "integrity": "sha512-8AyMRFfjsNz/lYofQG36wh/tkA3PkrOXWtHvDkr5TaLSzpitcLr/hNaVbrS+97fjvXbIXfWf9JfY/YNMM4rweQ==",
      "dependencies": {
        "get-ext": "^1.0.0",
        "insert-styles": "^1.2.1",
        "is-url": "^1.2.2"
      }
    },
    "node_modules/bootstrap": {
      "version": "5.3.0-alpha2",
      "resolved": "https://registry.npmjs.org/bootstrap/-/bootstrap-5.3.0-alpha2.tgz",
      "integrity": "sha512-r1ayh5d56rhwrezVjhM8bt8tiUcdQ8J9JeCwCTAeKSpOrCWH5V5S6XiJ26DqbX7o5QSH5HIKm7W88CKxVjhCVQ==",
      "funding": [
        {
          "type": "github",
          "url": "https://github.com/sponsors/twbs"
        },
        {
          "type": "opencollective",
          "url": "https://opencollective.com/bootstrap"
        }
      ],
      "peerDependencies": {
        "@popperjs/core": "^2.11.6"
      }
    },
    "node_modules/font-awesome": {
      "version": "4.7.0",
      "resolved": "https://registry.npmjs.org/font-awesome/-/font-awesome-4.7.0.tgz",
      "integrity": "sha512-U6kGnykA/6bFmg1M/oT9EkFeIYv7JlX3bozwQJWiiLz6L0w3F5vBVPxHlwyX/vtNq1ckcpRKOB9f2Qal/VtFpg==",
      "engines": {
        "node": ">=0.10.3"
      }
    },
    "node_modules/fontawesome": {
      "version": "5.6.3",
      "resolved": "https://registry.npmjs.org/fontawesome/-/fontawesome-5.6.3.tgz",
      "integrity": "sha512-FCc+CawwsJWWprVEg9X14yI7zI+l9YVAyhzgu70qwGeDn0tLLDH/dVfqgij72g4BBGgLGfK2qnvFGAmYUkhaWg=="
    },
    "node_modules/get-ext": {
      "version": "1.0.2",
      "resolved": "https://registry.npmjs.org/get-ext/-/get-ext-1.0.2.tgz",
      "integrity": "sha512-4KsDAVH4kEerlARZluSQLU317CB0RjR2wLdt3dd838rW2tl+BcKL7AOF2GZDOQQ8HgaDFSlvNfqLNqReZ6k/Nw=="
    },
    "node_modules/insert-styles": {
      "version": "1.2.1",
      "resolved": "https://registry.npmjs.org/insert-styles/-/insert-styles-1.2.1.tgz",
      "integrity": "sha512-0cA7Sp2KSZ0HFJ65B8b89dJUGDFfXVMXOUYvWY70/EMEYaFXr1Wq2QvbrAHj1u0zLjnLliRWR7A2ubYKmsk38A=="
    },
    "node_modules/is-url": {
      "version": "1.2.4",
      "resolved": "https://registry.npmjs.org/is-url/-/is-url-1.2.4.tgz",
      "integrity": "sha512-ITvGim8FhRiYe4IQ5uHSkj7pVaPDrCTkNd3yq3cV7iZAcJdHTUMPMEHcqSOy9xZ9qFenQCvi+2wjH9a1nXqHww=="
    }
  },
  "dependencies": {
    "@popperjs/core": {
      "version": "2.11.7",
      "resolved": "https://registry.npmjs.org/@popperjs/core/-/core-2.11.7.tgz",
      "integrity": "sha512-Cr4OjIkipTtcXKjAsm8agyleBuDHvxzeBoa1v543lbv1YaIwQjESsVcmjiWiPEbC1FIeHOG/Op9kdCmAmiS3Kw==",
      "peer": true
    },
    "add-font": {
      "version": "1.0.2",
      "resolved": "https://registry.npmjs.org/add-font/-/add-font-1.0.2.tgz",
      "integrity": "sha512-8AyMRFfjsNz/lYofQG36wh/tkA3PkrOXWtHvDkr5TaLSzpitcLr/hNaVbrS+97fjvXbIXfWf9JfY/YNMM4rweQ==",
      "requires": {
        "get-ext": "^1.0.0",
        "insert-styles": "^1.2.1",
        "is-url": "^1.2.2"
      }
    },
    "bootstrap": {
      "version": "5.3.0-alpha2",
      "resolved": "https://registry.npmjs.org/bootstrap/-/bootstrap-5.3.0-alpha2.tgz",
      "integrity": "sha512-r1ayh5d56rhwrezVjhM8bt8tiUcdQ8J9JeCwCTAeKSpOrCWH5V5S6XiJ26DqbX7o5QSH5HIKm7W88CKxVjhCVQ==",
      "requires": {}
    },
    "font-awesome": {
      "version": "4.7.0",
      "resolved": "https://registry.npmjs.org/font-awesome/-/font-awesome-4.7.0.tgz",
      "integrity": "sha512-U6kGnykA/6bFmg1M/oT9EkFeIYv7JlX3bozwQJWiiLz6L0w3F5vBVPxHlwyX/vtNq1ckcpRKOB9f2Qal/VtFpg=="
    },
    "fontawesome": {
      "version": "5.6.3",
      "resolved": "https://registry.npmjs.org/fontawesome/-/fontawesome-5.6.3.tgz",
      "integrity": "sha512-FCc+CawwsJWWprVEg9X14yI7zI+l9YVAyhzgu70qwGeDn0tLLDH/dVfqgij72g4BBGgLGfK2qnvFGAmYUkhaWg=="
    },
    "get-ext": {
      "version": "1.0.2",
      "resolved": "https://registry.npmjs.org/get-ext/-/get-ext-1.0.2.tgz",
      "integrity": "sha512-4KsDAVH4kEerlARZluSQLU317CB0RjR2wLdt3dd838rW2tl+BcKL7AOF2GZDOQQ8HgaDFSlvNfqLNqReZ6k/Nw=="
    },
    "insert-styles": {
      "version": "1.2.1",
      "resolved": "https://registry.npmjs.org/insert-styles/-/insert-styles-1.2.1.tgz",
      "integrity": "sha512-0cA7Sp2KSZ0HFJ65B8b89dJUGDFfXVMXOUYvWY70/EMEYaFXr1Wq2QvbrAHj1u0zLjnLliRWR7A2ubYKmsk38A=="
    },
    "is-url": {
      "version": "1.2.4",
      "resolved": "https://registry.npmjs.org/is-url/-/is-url-1.2.4.tgz",
      "integrity": "sha512-ITvGim8FhRiYe4IQ5uHSkj7pVaPDrCTkNd3yq3cV7iZAcJdHTUMPMEHcqSOy9xZ9qFenQCvi+2wjH9a1nXqHww=="
    }
  }
}
